
Microsoft Visual Studio Solution File, Format Version 12.00
# Visual Studio Version 16
VisualStudioVersion = 16.0.29503.13
MinimumVisualStudioVersion = 10.0.40219.1
Project("{FAE04EC0-301F-11D3-BF4B-00C04F79EFBC}") = "RentCar", "RentCar\RentCar.csproj", "{74976185-ECFC-4952-AC51-5B2FB1FB76A2}"
EndProject
Global
	GlobalSection(SolutionConfigurationPlatforms) = preSolution
		Debug|Any CPU = Debug|Any CPU
		Release|Any CPU = Release|Any CPU
	EndGlobalSection
	GlobalSection(ProjectConfigurationPlatforms) = postSolution
		{74976185-ECFC-4952-AC51-5B2FB1FB76A2}.Debug|Any CPU.ActiveCfg = Debug|Any CPU
		{74976185-ECFC-4952-AC51-5B2FB1FB76A2}.Debug|Any CPU.Build.0 = Debug|Any CPU
		{74976185-ECFC-4952-AC51-5B2FB1FB76A2}.Release|Any CPU.ActiveCfg = Release|Any CPU
		{74976185-ECFC-4952-AC51-5B2FB1FB76A2}.Release|Any CPU.Build.0 = Release|Any CPU
	EndGlobalSection
	GlobalSection(SolutionProperties) = preSolution
		HideSolutionNode = FALSE
	EndGlobalSection
	GlobalSection(ExtensibilityGlobals) = postSolution
		SolutionGuid = {C8FD3CD6-DE8A-42D4-B69F-2D89A406A36A}
	EndGlobalSection
EndGlobal
